github.com/alrusov/log v0.1.32 h1:9fTtwk2o4AQHfKO8erwbmuFAVl6n/+I98i8zrAlx4dU=
github.com/alrusov/log v0.1.32/go.mod h1:oQh1gXfxlDfI+MWAigQQzCu/O9wv6mM59JXqWfj5mMc=
github.com/alrusov/misc v0.1.45/go.mod h1:9n/TPhEOs7n3zEKP8R/TK0TIOJGISHOJe5KwKqsCsgg=
github.com/alrusov/misc v1.0.65 h1:OQFkS/cCc/bYxBE61hFPzRFGcuZlb1NSZQMOUpBuuRY=
github.com/alrusov/misc v1.0.65/go.mod h1:vywA6CgYL87p+qxLP+FDuSRrNL6ZvJ0r+uDixw9rcmk=
github.com/alrusov/panic v0.1.14 h1:h3DU1GVIp1ab3PPMAOweyWMPILWyLR8EZnjPIx9SUfo=
github.com/alrusov/panic v0.1.14/go.mod h1:ALoONDJK6XEbMvLnsenCkVSF1LXQ/gjU7uXi0JX7bak=
github.com/robfig/cron/v3 v3.0.1 h1:WdRxkvbJztn8LMz/QEvLN5sBU+xKpSqwwUO1Pjr4qDs=
github.com/robfig/cron/v3 v3.0.1/go.mod h1:eQICP3HwyT7UooqI/z+Ov+PtYAWygg1TEWWzGIFLtro=
